// !$*UTF8*$!
{
	archiveVersion = 1;
	classes = {
	};
	objectVersion = 50;
	objects = {

/* Begin PBXBuildFile section */
		69B36DFB214FBD7400EDA382 /* AppDelegate.swift in Sources */ = {isa = PBXBuildFile; fileRef = 69B36DFA214FBD7400EDA382 /* AppDelegate.swift */; };
		69B36DFD214FBD7400EDA382 /* ViewController.swift in Sources */ = {isa = PBXBuildFile; fileRef = 69B36DFC214FBD7400EDA382 /* ViewController.swift */; };
		69B36E00214FBD7400EDA382 /* Main.storyboard in Resources */ = {isa = PBXBuildFile; fileRef = 69B36DFE214FBD7400EDA382 /* Main.storyboard */; };
		69B36E02214FBD7600EDA382 /* Assets.xcassets in Resources */ = {isa = PBXBuildFile; fileRef = 69B36E01214FBD7600EDA382 /* Assets.xcassets */; };
		69B36E05214FBD7600EDA382 /* LaunchScreen.storyboard in Resources */ = {isa = PBXBuildFile; fileRef = 69B36E03214FBD7600EDA382 /* LaunchScreen.storyboard */; };
		69B36E10214FC11C00EDA382 /* index.html in Resources */ = {isa = PBXBuildFile; fileRef = 69B36E0C214FBD9B00EDA382 /* index.html */; };
		69B36E11214FC11C00EDA382 /* ImageFullScreen.js in Resources */ = {isa = PBXBuildFile; fileRef = 69B36E0E214FBEF200EDA382 /* ImageFullScreen.js */; };
/* End PBXBuildFile section */

/* Begin PBXFileReference section */
		69B36DF7214FBD7400EDA382 /* PopAndPeekWebView.app */ = {isa = PBXFileReference; explicitFileType = wrapper.application; includeInIndex = 0; path = PopAndPeekWebView.app; sourceTree = BUILT_PRODUCTS_DIR; };
		69B36DFA214FBD7400EDA382 /* AppDelegate.swift */ = {isa = PBXFileReference; lastKnownFileType = sourcecode.swift; path = AppDelegate.swift; sourceTree = "<group>"; };
		69B36DFC214FBD7400EDA382 /* ViewController.swift */ = {isa = PBXFileReference; lastKnownFileType = sourcecode.swift; path = ViewController.swift; sourceTree = "<group>"; };
		69B36DFF214FBD7400EDA382 /* Base */ = {isa = PBXFileReference; lastKnownFileType = file.storyboard; name = Base; path = Base.lproj/Main.storyboard; sourceTree = "<group>"; };
		69B36E01214FBD7600EDA382 /* Assets.xcassets */ = {isa = PBXFileReference; lastKnownFileType = folder.assetcatalog; path = Assets.xcassets; sourceTree = "<group>"; };
		69B36E04214FBD7600EDA382 /* Base */ = {isa = PBXFileReference; lastKnownFileType = file.storyboard; name = Base; path = Base.lproj/LaunchScreen.storyboard; sourceTree = "<group>"; };
		69B36E06214FBD7600EDA382 /* Info.plist */ = {isa = PBXFileReference; lastKnownFileType = text.plist.xml; path = Info.plist; sourceTree = "<group>"; };
		69B36E0C214FBD9B00EDA382 /* index.html */ = {isa = PBXFileReference; lastKnownFileType = text.html; path = index.html; sourceTree = "<group>"; };
		69B36E0E214FBEF200EDA382 /* ImageFullScreen.js */ = {isa = PBXFileReference; lastKnownFileType = sourcecode.javascript; path = ImageFullScreen.js; sourceTree = "<group>"; };
/* End PBXFileReference section */

/* Begin PBXFrameworksBuildPhase section */
		69B36DF4214FBD7400EDA382 /* Frameworks */ = {
			isa = PBXFrameworksBuildPhase;
			buildActionMask = 2147483647;
			files = (
			);
			runOnlyForDeploymentPostprocessing = 0;
		};
/* End PBXFrameworksBuildPhase section */

/* Begin PBXGroup section */
		69B36DEE214FBD7400EDA382 = {
			isa = PBXGroup;
			children = (
				69B36DF9214FBD7400EDA382 /* PopAndPeekWebView */,
				69B36DF8214FBD7400EDA382 /* Products */,
			);
			sourceTree = "<group>";
		};
		69B36DF8214FBD7400EDA382 /* Products */ = {
			isa = PBXGroup;
			children = (
				69B36DF7214FBD7400EDA382 /* PopAndPeekWebView.app */,
			);
			name = Products;
			sourceTree = "<group>";
		};
		69B36DF9214FBD7400EDA382 /* PopAndPeekWebView */ = {
			isa = PBXGroup;
			children = (
				69B36DFA214FBD7400EDA382 /* AppDelegate.swift */,
				69B36DFC214FBD7400EDA382 /* ViewController.swift */,
				69B36DFE214FBD7400EDA382 /* Main.storyboard */,
				69B36E01214FBD7600EDA382 /* Assets.xcassets */,
				69B36E03214FBD7600EDA382 /* LaunchScreen.storyboard */,
				69B36E06214FBD7600EDA382 /* Info.plist */,
				69B36E0C214FBD9B00EDA382 /* index.html */,
				69B36E0E214FBEF200EDA382 /* ImageFullScreen.js */,
			);
			path = PopAndPeekWebView;
			sourceTree = "<group>";
		};
/* End PBXGroup section */

/* Begin PBXNativeTarget section */
		69B36DF6214FBD7400EDA382 /* PopAndPeekWebView */ = {
			isa = PBXNativeTarget;
			buildConfigurationList = 69B36E09214FBD7600EDA382 /* Build configuration list for PBXNativeTarget "PopAndPeekWebView" */;
			buildPhases = (
				69B36DF3214FBD7400EDA382 /* Sources */,
				69B36DF4214FBD7400EDA382 /* Frameworks */,
				69B36DF5214FBD7400EDA382 /* Resources */,
			);
			buildRules = (
			);
			dependencies = (
			);
			name = PopAndPeekWebView;
			productName = PopAndPeekWebView;
			productReference = 69B36DF7214FBD7400EDA382 /* PopAndPeekWebView.app */;
			productType = "com.apple.product-type.application";
		};
/* End PBXNativeTarget section */

/* Begin PBXProject section */
		69B36DEF214FBD7400EDA382 /* Project object */ = {
			isa = PBXProject;
			attributes = {
				LastSwiftUpdateCheck = 0940;
				LastUpgradeCheck = 0940;
				ORGANIZATIONNAME = jackpotsvr;
				TargetAttributes = {
					69B36DF6214FBD7400EDA382 = {
						CreatedOnToolsVersion = 9.4.1;
					};
				};
			};
			buildConfigurationList = 69B36DF2214FBD7400EDA382 /* Build configuration list for PBXProject "PopAndPeekWebView" */;
			compatibilityVersion = "Xcode 9.3";
			developmentRegion = en;
			hasScannedForEncodings = 0;
			knownRegions = (
				en,
				Base,
			);
			mainGroup = 69B36DEE214FBD7400EDA382;
			productRefGroup = 69B36DF8214FBD7400EDA382 /* Products */;
			projectDirPath = "";
			projectRoot = "";
			targets = (
				69B36DF6214FBD7400EDA382 /* PopAndPeekWebView */,
			);
		};
/* End PBXProject section */

/* Begin PBXResourcesBuildPhase section */
		69B36DF5214FBD7400EDA382 /* Resources */ = {
			isa = PBXResourcesBuildPhase;
			buildActionMask = 2147483647;
			files = (
				69B36E10214FC11C00EDA382 /* index.html in Resources */,
				69B36E11214FC11C00EDA382 /* ImageFullScreen.js in Resources */,
				69B36E05214FBD7600EDA382 /* LaunchScreen.storyboard in Resources */,
				69B36E02214FBD7600EDA382 /* Assets.xcassets in Resources */,
				69B36E00214FBD7400EDA382 /* Main.storyboard in Resources */,
			);
			runOnlyForDeploymentPostprocessing = 0;
		};
/* End PBXResourcesBuildPhase section */

/* Begin PBXSourcesBuildPhase section */
		69B36DF3214FBD7400EDA382 /* Sources */ = {
			isa = PBXSourcesBuildPhase;
			buildActionMask = 2147483647;
			files = (
				69B36DFD214FBD7400EDA382 /* ViewController.swift in Sources */,
				69B36DFB214FBD7400EDA382 /* AppDelegate.swift in Sources */,
			);
			runOnlyForDeploymentPostprocessing = 0;
		};
/* End PBXSourcesBuildPhase section */

/* Begin PBXVariantGroup section */
		69B36DFE214FBD7400EDA382 /* Main.storyboard */ = {
			isa = PBXVariantGroup;
			children = (
				69B36DFF214FBD7400EDA382 /* Base */,
			);
			name = Main.storyboard;
			sourceTree = "<group>";
		};
		69B36E03214FBD7600EDA382 /* LaunchScreen.storyboard */ = {
			isa = PBXVariantGroup;
			children = (
				69B36E04214FBD7600EDA382 /* Base */,
			);
			name = LaunchScreen.storyboard;
			sourceTree = "<group>";
		};
/* End PBXVariantGroup section */

/* Begin XCBuildConfiguration section */
		69B36E07214FBD7600EDA382 /* Debug */ = {
			isa = XCBuildConfiguration;
			buildSettings = {
				ALWAYS_SEARCH_USER_PATHS = NO;
				CLANG_ANALYZER_NONNULL = YES;
				CLANG_ANALYZER_NUMBER_OBJECT_CONVERSION = YES_AGGRESSIVE;
				CLANG_CXX_LANGUAGE_STANDARD = "gnu++14";
				CLANG_CXX_LIBRARY = "libc++";
				CLANG_ENABLE_MODULES = YES;
				CLANG_ENABLE_OBJC_ARC = YES;
				CLANG_ENABLE_OBJC_WEAK = YES;
				CLANG_WARN_BLOCK_CAPTURE_AUTORELEASING = YES;
				CLANG_WARN_BOOL_CONVERSION = YES;
				CLANG_WARN_COMMA = YES;
				CLANG_WARN_CONSTANT_CONVERSION = YES;
				CLANG_WARN_DEPRECATED_OBJC_IMPLEMENTATIONS = YES;
				CLANG_WARN_DIRECT_OBJC_ISA_USAGE = YES_ERROR;
				CLANG_WARN_DOCUMENTATION_COMMENTS = YES;
				CLANG_WARN_EMPTY_BODY = YES;
				CLANG_WARN_ENUM_CONVERSION = YES;
				CLANG_WARN_INFINITE_RECURSION = YES;
				CLANG_WARN_INT_CONVERSION = YES;
				CLANG_WARN_NON_LITERAL_NULL_CONVERSION = YES;
				CLANG_WARN_OBJC_IMPLICIT_RETAIN_SELF = YES;
				CLANG_WARN_OBJC_LITERAL_CONVERSION = YES;
				CLANG_WARN_OBJC_ROOT_CLASS = YES_ERROR;
				CLANG_WARN_RANGE_LOOP_ANALYSIS = YES;
				CLANG_WARN_STRICT_PROTOTYPES = YES;
				CLANG_WARN_SUSPICIOUS_MOVE = YES;
				CLANG_WARN_UNGUARDED_AVAILABILITY = YES_AGGRESSIVE;
				CLANG_WARN_UNREACHABLE_CODE = YES;
				CLANG_WARN__DUPLICATE_METHOD_MATCH = YES;
				CODE_SIGN_IDENTITY = "iPhone Developer";
				COPY_PHASE_STRIP = NO;
				DEBUG_INFORMATION_FORMAT = dwarf;
				ENABLE_STRICT_OBJC_MSGSEND = YES;
				ENABLE_TESTABILITY = YES;
				GCC_C_LANGUAGE_STANDARD = gnu11;
				GCC_DYNAMIC_NO_PIC = NO;
				GCC_NO_COMMON_BLOCKS = YES;
				GCC_OPTIMIZATION_LEVEL = 0;
				GCC_PREPROCESSOR_DEFINITIONS = (
					"DEBUG=1",
					"$(inherited)",
				);
				GCC_WARN_64_TO_32_BIT_CONVERSION = YES;
				GCC_WARN_ABOUT_RETURN_TYPE = YES_ERROR;
				GCC_WARN_UNDECLARED_SELECTOR = YES;
				GCC_WARN_UNINITIALIZED_AUTOS = YES_AGGRESSIVE;
				GCC_WARN_UNUSED_FUNCTION = YES;
				GCC_WARN_UNUSED_VARIABLE = YES;
				IPHONEOS_DEPLOYMENT_TARGET = 11.4;
				MTL_ENABLE_DEBUG_INFO = YES;
				ONLY_ACTIVE_ARCH = YES;
				SDKROOT = iphoneos;
				SWIFT_ACTIVE_COMPILATION_CONDITIONS = DEBUG;
				SWIFT_OPTIMIZATION_LEVEL = "-Onone";
			};
			name = Debug;
		};
		69B36E08214FBD7600EDA382 /* Release */ = {
			isa = XCBuildConfiguration;
			buildSettings = {
				ALWAYS_SEARCH_USER_PATHS = NO;
				CLANG_ANALYZER_NONNULL = YES;
				CLANG_ANALYZER_NUMBER_OBJECT_CONVERSION = YES_AGGRESSIVE;
				CLANG_CXX_LANGUAGE_STANDARD = "gnu++14";
				CLANG_CXX_LIBRARY = "libc++";
				CLANG_ENABLE_MODULES = YES;
				CLANG_ENABLE_OBJC_ARC = YES;
				CLANG_ENABLE_OBJC_WEAK = YES;
				CLANG_WARN_BLOCK_CAPTURE_AUTORELEASING = YES;
				CLANG_WARN_BOOL_CONVERSION = YES;
				CLANG_WARN_COMMA = YES;
				CLANG_WARN_CONSTANT_CONVERSION = YES;
				CLANG_WARN_DEPRECATED_OBJC_IMPLEMENTATIONS = YES;
				CLANG_WARN_DIRECT_OBJC_ISA_USAGE = YES_ERROR;
				CLANG_WARN_DOCUMENTATION_COMMENTS = YES;
				CLANG_WARN_EMPTY_BODY = YES;
				CLANG_WARN_ENUM_CONVERSION = YES;
				CLANG_WARN_INFINITE_RECURSION = YES;
				CLANG_WARN_INT_CONVERSION = YES;
				CLANG_WARN_NON_LITERAL_NULL_CONVERSION = YES;
				CLANG_WARN_OBJC_IMPLICIT_RETAIN_SELF = YES;
				CLANG_WARN_OBJC_LITERAL_CONVERSION = YES;
				CLANG_WARN_OBJC_ROOT_CLASS = YES_ERROR;
				CLANG_WARN_RANGE_LOOP_ANALYSIS = YES;
				CLANG_WARN_STRICT_PROTOTYPES = YES;
				CLANG_WARN_SUSPICIOUS_MOVE = YES;
				CLANG_WARN_UNGUARDED_AVAILABILITY = YES_AGGRESSIVE;
				CLANG_WARN_UNREACHABLE_CODE = YES;
				CLANG_WARN__DUPLICATE_METHOD_MATCH = YES;
				CODE_SIGN_IDENTITY = "iPhone Developer";
				COPY_PHASE_STRIP = NO;
				DEBUG_INFORMATION_FORMAT = "dwarf-with-dsym";
				ENABLE_NS_ASSERTIONS = NO;
				ENABLE_STRICT_OBJC_MSGSEND = YES;
				GCC_C_LANGUAGE_STANDARD = gnu11;
				GCC_NO_COMMON_BLOCKS = YES;
				GCC_WARN_64_TO_32_BIT_CONVERSION = YES;
				GCC_WARN_ABOUT_RETURN_TYPE = YES_ERROR;
				GCC_WARN_UNDECLARED_SELECTOR = YES;
				GCC_WARN_UNINITIALIZED_AUTOS = YES_AGGRESSIVE;
				GCC_WARN_UNUSED_FUNCTION = YES;
				GCC_WARN_UNUSED_VARIABLE = YES;
				IPHONEOS_DEPLOYMENT_TARGET = 11.4;
				MTL_ENABLE_DEBUG_INFO = NO;
				SDKROOT = iphoneos;
				SWIFT_COMPILATION_MODE = wholemodule;
				SWIFT_OPTIMIZATION_LEVEL = "-O";
				VALIDATE_PRODUCT = YES;
			};
			name = Release;
		};
		69B36E0A214FBD7600EDA382 /* Debug */ = {
			isa = XCBuildConfiguration;
			buildSettings = {
				ASSETCATALOG_COMPILER_APPICON_NAME = AppIcon;
				CODE_SIGN_STYLE = Automatic;
				DEVELOPMENT_TEAM = 66M3PNXN4Z;
				INFOPLIST_FILE = PopAndPeekWebView/Info.plist;
				LD_RUNPATH_SEARCH_PATHS = (
					"$(inherited)",
					"@executable_path/Frameworks",
				);
				PRODUCT_BUNDLE_IDENTIFIER = nl.jackpotsvr.PopAndPeekWebView;
				PRODUCT_NAME = "$(TARGET_NAME)";
				SWIFT_VERSION = 4.0;
				TARGETED_DEVICE_FAMILY = "1,2";
			};
			name = Debug;
		};
		69B36E0B214FBD7600EDA382 /* Release */ = {
			isa = XCBuildConfiguration;
			buildSettings = {
				ASSETCATALOG_COMPILER_APPICON_NAME = AppIcon;
				CODE_SIGN_STYLE = Automatic;
				DEVELOPMENT_TEAM = 66M3PNXN4Z;
				INFOPLIST_FILE = PopAndPeekWebView/Info.plist;
				LD_RUNPATH_SEARCH_PATHS = (
					"$(inherited)",
					"@executable_path/Frameworks",
				);
				PRODUCT_BUNDLE_IDENTIFIER = nl.jackpotsvr.PopAndPeekWebView;
				PRODUCT_NAME = "$(TARGET_NAME)";
				SWIFT_VERSION = 4.0;
				TARGETED_DEVICE_FAMILY = "1,2";
			};
			name = Release;
		};
/* End XCBuildConfiguration section */

/* Begin XCConfigurationList section */
		69B36DF2214FBD7400EDA382 /* Build configuration list for PBXProject "PopAndPeekWebView" */ = {
			isa = XCConfigurationList;
			buildConfigurations = (
				69B36E07214FBD7600EDA382 /* Debug */,
				69B36E08214FBD7600EDA382 /* Release */,
			);
			defaultConfigurationIsVisible = 0;
			defaultConfigurationName = Release;
		};
		69B36E09214FBD7600EDA382 /* Build configuration list for PBXNativeTarget "PopAndPeekWebView" */ = {
			isa = XCConfigurationList;
			buildConfigurations = (
				69B36E0A214FBD7600EDA382 /* Debug */,
				69B36E0B214FBD7600EDA382 /* Release */,
			);
			defaultConfigurationIsVisible = 0;
			defaultConfigurationName = Release;
		};
/* End XCConfigurationList section */
	};
	rootObject = 69B36DEF214FBD7400EDA382 /* Project object */;
}
